{
  "name": "gramhistorybot",
  "version": "1.0.0",
  "lockfileVersion": 3,
  "requires": true,
  "packages": {
    "": {
      "name": "gramhistorybot",
      "version": "1.0.0",
      "dependencies": {
        "luxon": "3.7.2",
        "puregram": "3.10.0"
      },
      "engines": {
        "node": ">=22.0.0"
      }
    },
    "node_modules/@puregram/api": {
      "version": "10.3.3",
      "resolved": "https://registry.npmjs.org/@puregram/api/-/api-10.3.3.tgz",
      "integrity": "sha512-ciZ8COkWMroTsRtafGKtQ706r9iTWR7tePdEG4IHEGNYhfbA0XuYWZefmKXr3L/GjPnwPrDk1LjVTKVx3gbaJA==",
      "license": "MPL-2.0",
      "engines": {
        "node": ">=22.0.0"
      }
    },
    "node_modules/form-data-encoder": {
      "version": "4.1.0",
      "resolved": "https://registry.npmjs.org/form-data-encoder/-/form-data-encoder-4.1.0.tgz",
      "integrity": "sha512-G6NsmEW15s0Uw9XnCg+33H3ViYRyiM0hMrMhhqQOR8NFc5GhYrI+6I3u7OTw7b91J2g8rtvMBZJDbcGb2YUniw==",
      "license": "MIT",
      "engines": {
        "node": ">= 18"
      }
    },
    "node_modules/formdata-node": {
      "version": "6.0.3",
      "resolved": "https://registry.npmjs.org/formdata-node/-/formdata-node-6.0.3.tgz",
      "integrity": "sha512-8e1++BCiTzUno9v5IZ2J6bv4RU+3UKDmqWUQD0MIMVCd9AdhWkO1gw57oo1mNEX1dMq2EGI+FbWz4B92pscSQg==",
      "license": "MIT",
      "engines": {
        "node": ">= 18"
      }
    },
    "node_modules/luxon": {
      "version": "3.7.2",
      "resolved": "https://registry.npmjs.org/luxon/-/luxon-3.7.2.tgz",
      "integrity": "sha512-vtEhXh/gNjI9Yg1u4jX/0YVPMvxzHuGgCm6tC5kZyb08yjGWGnqAjGJvcXbqQR2P3MyMEFnRbpcdFS6PBcLqew==",
      "license": "MIT",
      "engines": {
        "node": ">=12"
      }
    },
    "node_modules/puregram": {
      "version": "3.10.0",
      "resolved": "https://registry.npmjs.org/puregram/-/puregram-3.10.0.tgz",
      "integrity": "sha512-m0GEHxheZKj7cAashNXlHpBGdpqvKA8hvi3IbL9FRlyU7FZK9nbnvwOUfa7DYJnAH+BoZ/uHeOdlQ4oN9rYNCw==",
      "license": "MPL-2.0",
      "dependencies": {
        "@puregram/api": "10.3.3",
        "form-data-encoder": "^4.0.2",
        "formdata-node": "^6.0.3"
      },
      "engines": {
        "node": ">=22.0.0"
      }
    }
  }
}
